github.com/google/go-cmp v0.6.0 h1:ofyhxvXcZhMsU5ulbFiLKl/XBFqE1GSq7atu8tAmTRI=
github.com/google/go-cmp v0.6.0/go.mod h1:17dUlkBOakJ0+DkrSSNjCkIjxS6bF9zb3elmeNGIjoY=
github.com/miekg/dns v1.1.64 h1:wuZgD9wwCE6XMT05UU/mlSko71eRSXEAm2EbjQXLKnQ=
github.com/miekg/dns v1.1.64/go.mod h1:Dzw9769uoKVaLuODMDZz9M6ynFU6Em65csPuoi8G0ck=
github.com/nbio/st v0.0.0-20140626010706-e9e8d9816f32 h1:W6apQkHrMkS0Muv8G/TipAy/FJl/rCYT0+EuS8+Z0z4=
github.com/nbio/st v0.0.0-20140626010706-e9e8d9816f32/go.mod h1:9wM+0iRr9ahx58uYLpLIr5fm8diHn0JbqRycJi6w0Ms=
github.com/wsxiaoys/terminal v0.0.0-20160513160801-0940f3fc43a0 h1:3UeQBvD0TFrlVjOeLOBz+CPAI8dnbqNSVwUwRrkp7vQ=
github.com/wsxiaoys/terminal v0.0.0-20160513160801-0940f3fc43a0/go.mod h1:IXCdmsXIht47RaVFLEdVnh1t+pgYtTAhQGj73kz+2DM=
golang.org/x/mod v0.23.0 h1:Zb7khfcRGKk+kqfxFaP5tZqCnDZMjC5VtUBs87Hr6QM=
golang.org/x/mod v0.23.0/go.mod h1:6SkKJ3Xj0I0BrPOZoBy3bdMptDDU9oJrpohJ3eWZ1fY=
golang.org/x/net v0.35.0 h1:T5GQRQb2y08kTAByq9L4/bz8cipCdA8FbRTXewonqY8=
golang.org/x/net v0.35.0/go.mod h1:EglIi67kWsHKlRzzVMUD93VMSWGFOMSZgxFjparz1Qk=
golang.org/x/sync v0.11.0 h1:GGz8+XQP4FvTTrjZPzNKTMFtSXH80RAzG+5ghFPgK9w=
golang.org/x/sync v0.11.0/go.mod h1:Czt+wKu1gCyEFDUtn0jG5QVvpJ6rzVqr5aXyt9drQfk=
golang.org/x/sys v0.30.0 h1:QjkSwP/36a20jFYWkSue1YwXzLmsV5Gfq7Eiy72C1uc=
golang.org/x/sys v0.30.0/go.mod h1:/VUhepiaJMQUp4+oa/7Zr1D23ma6VTLIYjOOTFZPUcA=
golang.org/x/text v0.22.0 h1:bofq7m3/HAFvbF51jz3Q9wLg3jkvSPuiZu/pD1XwgtM=
golang.org/x/text v0.22.0/go.mod h1:YRoo4H8PVmsu+E3Ou7cqLVH8oXWIHVoX0jqUWALQhfY=
golang.org/x/tools v0.30.0 h1:BgcpHewrV5AUp2G9MebG4XPFI1E2W41zU1SaqVA9vJY=
golang.org/x/tools v0.30.0/go.mod h1:c347cR/OJfw5TI+GfX7RUPNMdDRRbjvYTS0jPyvsVtY=
